
Microsoft Visual Studio Solution File, Format Version 12.00
# Visual Studio Version 17
VisualStudioVersion = 17.2.32616.157
MinimumVisualStudioVersion = 10.0.40219.1
Project("{FAE04EC0-301F-11D3-BF4B-00C04F79EFBC}") = "OVN.Primitives", "src\OVN.Primitives\OVN.Primitives.csproj", "{263933FA-B539-4A0D-BDE7-B291F899C568}"
EndProject
Project("{FAE04EC0-301F-11D3-BF4B-00C04F79EFBC}") = "OVN.Abstractions", "src\OVN.Abstractions\OVN.Abstractions.csproj", "{AD7768CB-409C-47F7-A8B9-BFFEB4B0EE05}"
EndProject
Project("{FAE04EC0-301F-11D3-BF4B-00C04F79EFBC}") = "OVN.Core", "src\OVN.Core\OVN.Core.csproj", "{A97AF123-7896-4772-8A43-0191F75BBE1B}"
EndProject
Project("{FAE04EC0-301F-11D3-BF4B-00C04F79EFBC}") = "OVN.Hosting", "src\OVN.Hosting\OVN.Hosting.csproj", "{4405FFA5-9D01-4784-B1EE-BD5A15928D15}"
EndProject
Project("{FAE04EC0-301F-11D3-BF4B-00C04F79EFBC}") = "OVN.Primitives.Tests", "test\OVN.Primitives.Tests\OVN.Primitives.Tests.csproj", "{C59D1A52-ED62-485C-8D53-D247E64AFDF8}"
EndProject
Project("{2150E333-8FDC-42A3-9474-1A3956D46DE8}") = "Tests", "Tests", "{F3C9BF77-FF83-4BE3-8E8F-06A0C65CF5D3}"
EndProject
Project("{FAE04EC0-301F-11D3-BF4B-00C04F79EFBC}") = "OVN.TestTools", "test\OVN.TestTools\OVN.TestTools.csproj", "{E765A6A4-ADE6-46E1-B1FC-BEBC362897F1}"
EndProject
Project("{FAE04EC0-301F-11D3-BF4B-00C04F79EFBC}") = "OVN.Core.Tests", "test\OVN.Core.Tests\OVN.Core.Tests.csproj", "{A4AADA77-425D-4E63-816D-6FDC21A40A94}"
EndProject
Project("{FAE04EC0-301F-11D3-BF4B-00C04F79EFBC}") = "OVNAgent", "src\OVNAgent\OVNAgent.csproj", "{022109FB-CA15-4926-AE42-90B4C35CD5A7}"
EndProject
Project("{FAE04EC0-301F-11D3-BF4B-00C04F79EFBC}") = "OVN.Windows", "src\OVN.Windows\OVN.Windows.csproj", "{19E88AFC-25A8-45A2-8F45-FD5A4BC9883B}"
EndProject
Project("{FAE04EC0-301F-11D3-BF4B-00C04F79EFBC}") = "OVN.Core.IntegrationTests", "test\OVN.Core.IntegrationTests\OVN.Core.IntegrationTests.csproj", "{AFB92E98-3FAD-4EE5-B154-336E9715EABA}"
EndProject
Global
	GlobalSection(SolutionConfigurationPlatforms) = preSolution
		Debug|Any CPU = Debug|Any CPU
		Release|Any CPU = Release|Any CPU
	EndGlobalSection
	GlobalSection(ProjectConfigurationPlatforms) = postSolution
		{263933FA-B539-4A0D-BDE7-B291F899C568}.Debug|Any CPU.ActiveCfg = Debug|Any CPU
		{263933FA-B539-4A0D-BDE7-B291F899C568}.Debug|Any CPU.Build.0 = Debug|Any CPU
		{263933FA-B539-4A0D-BDE7-B291F899C568}.Release|Any CPU.ActiveCfg = Release|Any CPU
		{263933FA-B539-4A0D-BDE7-B291F899C568}.Release|Any CPU.Build.0 = Release|Any CPU
		{AD7768CB-409C-47F7-A8B9-BFFEB4B0EE05}.Debug|Any CPU.ActiveCfg = Debug|Any CPU
		{AD7768CB-409C-47F7-A8B9-BFFEB4B0EE05}.Debug|Any CPU.Build.0 = Debug|Any CPU
		{AD7768CB-409C-47F7-A8B9-BFFEB4B0EE05}.Release|Any CPU.ActiveCfg = Release|Any CPU
		{AD7768CB-409C-47F7-A8B9-BFFEB4B0EE05}.Release|Any CPU.Build.0 = Release|Any CPU
		{A97AF123-7896-4772-8A43-0191F75BBE1B}.Debug|Any CPU.ActiveCfg = Debug|Any CPU
		{A97AF123-7896-4772-8A43-0191F75BBE1B}.Debug|Any CPU.Build.0 = Debug|Any CPU
		{A97AF123-7896-4772-8A43-0191F75BBE1B}.Release|Any CPU.ActiveCfg = Release|Any CPU
		{A97AF123-7896-4772-8A43-0191F75BBE1B}.Release|Any CPU.Build.0 = Release|Any CPU
		{4405FFA5-9D01-4784-B1EE-BD5A15928D15}.Debug|Any CPU.ActiveCfg = Debug|Any CPU
		{4405FFA5-9D01-4784-B1EE-BD5A15928D15}.Debug|Any CPU.Build.0 = Debug|Any CPU
		{4405FFA5-9D01-4784-B1EE-BD5A15928D15}.Release|Any CPU.ActiveCfg = Release|Any CPU
		{4405FFA5-9D01-4784-B1EE-BD5A15928D15}.Release|Any CPU.Build.0 = Release|Any CPU
		{C59D1A52-ED62-485C-8D53-D247E64AFDF8}.Debug|Any CPU.ActiveCfg = Debug|Any CPU
		{C59D1A52-ED62-485C-8D53-D247E64AFDF8}.Debug|Any CPU.Build.0 = Debug|Any CPU
		{C59D1A52-ED62-485C-8D53-D247E64AFDF8}.Release|Any CPU.ActiveCfg = Release|Any CPU
		{C59D1A52-ED62-485C-8D53-D247E64AFDF8}.Release|Any CPU.Build.0 = Release|Any CPU
		{E765A6A4-ADE6-46E1-B1FC-BEBC362897F1}.Debug|Any CPU.ActiveCfg = Debug|Any CPU
		{E765A6A4-ADE6-46E1-B1FC-BEBC362897F1}.Debug|Any CPU.Build.0 = Debug|Any CPU
		{E765A6A4-ADE6-46E1-B1FC-BEBC362897F1}.Release|Any CPU.ActiveCfg = Release|Any CPU
		{E765A6A4-ADE6-46E1-B1FC-BEBC362897F1}.Release|Any CPU.Build.0 = Release|Any CPU
		{A4AADA77-425D-4E63-816D-6FDC21A40A94}.Debug|Any CPU.ActiveCfg = Debug|Any CPU
		{A4AADA77-425D-4E63-816D-6FDC21A40A94}.Debug|Any CPU.Build.0 = Debug|Any CPU
		{A4AADA77-425D-4E63-816D-6FDC21A40A94}.Release|Any CPU.ActiveCfg = Release|Any CPU
		{A4AADA77-425D-4E63-816D-6FDC21A40A94}.Release|Any CPU.Build.0 = Release|Any CPU
		{022109FB-CA15-4926-AE42-90B4C35CD5A7}.Debug|Any CPU.ActiveCfg = Debug|Any CPU
		{022109FB-CA15-4926-AE42-90B4C35CD5A7}.Debug|Any CPU.Build.0 = Debug|Any CPU
		{022109FB-CA15-4926-AE42-90B4C35CD5A7}.Release|Any CPU.ActiveCfg = Release|Any CPU
		{022109FB-CA15-4926-AE42-90B4C35CD5A7}.Release|Any CPU.Build.0 = Release|Any CPU
		{19E88AFC-25A8-45A2-8F45-FD5A4BC9883B}.Debug|Any CPU.ActiveCfg = Debug|Any CPU
		{19E88AFC-25A8-45A2-8F45-FD5A4BC9883B}.Debug|Any CPU.Build.0 = Debug|Any CPU
		{19E88AFC-25A8-45A2-8F45-FD5A4BC9883B}.Release|Any CPU.ActiveCfg = Release|Any CPU
		{19E88AFC-25A8-45A2-8F45-FD5A4BC9883B}.Release|Any CPU.Build.0 = Release|Any CPU
		{AFB92E98-3FAD-4EE5-B154-336E9715EABA}.Debug|Any CPU.ActiveCfg = Debug|Any CPU
		{AFB92E98-3FAD-4EE5-B154-336E9715EABA}.Debug|Any CPU.Build.0 = Debug|Any CPU
		{AFB92E98-3FAD-4EE5-B154-336E9715EABA}.Release|Any CPU.ActiveCfg = Release|Any CPU
		{AFB92E98-3FAD-4EE5-B154-336E9715EABA}.Release|Any CPU.Build.0 = Release|Any CPU
	EndGlobalSection
	GlobalSection(SolutionProperties) = preSolution
		HideSolutionNode = FALSE
	EndGlobalSection
	GlobalSection(NestedProjects) = preSolution
		{C59D1A52-ED62-485C-8D53-D247E64AFDF8} = {F3C9BF77-FF83-4BE3-8E8F-06A0C65CF5D3}
		{E765A6A4-ADE6-46E1-B1FC-BEBC362897F1} = {F3C9BF77-FF83-4BE3-8E8F-06A0C65CF5D3}
		{A4AADA77-425D-4E63-816D-6FDC21A40A94} = {F3C9BF77-FF83-4BE3-8E8F-06A0C65CF5D3}
		{AFB92E98-3FAD-4EE5-B154-336E9715EABA} = {F3C9BF77-FF83-4BE3-8E8F-06A0C65CF5D3}
	EndGlobalSection
	GlobalSection(ExtensibilityGlobals) = postSolution
		SolutionGuid = {0FDDB177-FC3D-4D1E-BE62-EEF24847FB47}
	EndGlobalSection
EndGlobal
